
Microsoft Visual Studio Solution File, Format Version 12.00
# Visual Studio Version 17
VisualStudioVersion = 17.10.35013.160
MinimumVisualStudioVersion = 10.0.40219.1
Project("{FAE04EC0-301F-11D3-BF4B-00C04F79EFBC}") = "MyTraceFunctions", "MyTraceFunctions.csproj", "{3DF4D020-6A45-40E3-84F1-BAACD48B9ABB}"
EndProject
Global
	GlobalSection(SolutionConfigurationPlatforms) = preSolution
		Debug|Any CPU = Debug|Any CPU
		Release|Any CPU = Release|Any CPU
	EndGlobalSection
	GlobalSection(ProjectConfigurationPlatforms) = postSolution
		{3DF4D020-6A45-40E3-84F1-BAACD48B9ABB}.Debug|Any CPU.ActiveCfg = Debug|Any CPU
		{3DF4D020-6A45-40E3-84F1-BAACD48B9ABB}.Debug|Any CPU.Build.0 = Debug|Any CPU
		{3DF4D020-6A45-40E3-84F1-BAACD48B9ABB}.Release|Any CPU.ActiveCfg = Release|Any CPU
		{3DF4D020-6A45-40E3-84F1-BAACD48B9ABB}.Release|Any CPU.Build.0 = Release|Any CPU
	EndGlobalSection
	GlobalSection(SolutionProperties) = preSolution
		HideSolutionNode = FALSE
	EndGlobalSection
	GlobalSection(ExtensibilityGlobals) = postSolution
		SolutionGuid = {D5B8474A-F029-4A21-8F45-E501230CD078}
	EndGlobalSection
EndGlobal
